
Microsoft Visual Studio Solution File, Format Version 12.00
# Visual Studio Version 16
VisualStudioVersion = 16.0.31613.86
MinimumVisualStudioVersion = 10.0.40219.1
Project("{888888A0-9F3D-457C-B088-3A5042F75D52}") = "DictionariesInPython", "DictionariesInPython.pyproj", "{8E6D607B-301F-4B42-B70E-8D874717D42E}"
EndProject
Global
	GlobalSection(SolutionConfigurationPlatforms) = preSolution
		Debug|Any CPU = Debug|Any CPU
		Release|Any CPU = Release|Any CPU
	EndGlobalSection
	GlobalSection(ProjectConfigurationPlatforms) = postSolution
		{8E6D607B-301F-4B42-B70E-8D874717D42E}.Debug|Any CPU.ActiveCfg = Debug|Any CPU
		{8E6D607B-301F-4B42-B70E-8D874717D42E}.Release|Any CPU.ActiveCfg = Release|Any CPU
	EndGlobalSection
	GlobalSection(SolutionProperties) = preSolution
		HideSolutionNode = FALSE
	EndGlobalSection
	GlobalSection(ExtensibilityGlobals) = postSolution
		SolutionGuid = {6B0D7E32-90EF-4A99-8B8D-590A986786BF}
	EndGlobalSection
EndGlobal
