
Microsoft Visual Studio Solution File, Format Version 12.00
# Visual Studio Version 16
VisualStudioVersion = 16.0.31613.86
MinimumVisualStudioVersion = 10.0.40219.1
Project("{888888A0-9F3D-457C-B088-3A5042F75D52}") = "NestedDictionaries", "NestedDictionaries.pyproj", "{D921E880-9F31-4C92-9BEA-D432F793E923}"
EndProject
Global
	GlobalSection(SolutionConfigurationPlatforms) = preSolution
		Debug|Any CPU = Debug|Any CPU
		Release|Any CPU = Release|Any CPU
	EndGlobalSection
	GlobalSection(ProjectConfigurationPlatforms) = postSolution
		{D921E880-9F31-4C92-9BEA-D432F793E923}.Debug|Any CPU.ActiveCfg = Debug|Any CPU
		{D921E880-9F31-4C92-9BEA-D432F793E923}.Release|Any CPU.ActiveCfg = Release|Any CPU
	EndGlobalSection
	GlobalSection(SolutionProperties) = preSolution
		HideSolutionNode = FALSE
	EndGlobalSection
	GlobalSection(ExtensibilityGlobals) = postSolution
		SolutionGuid = {A9862C48-A51A-4A01-BEF5-C262B7F7EB9C}
	EndGlobalSection
EndGlobal
