
Microsoft Visual Studio Solution File, Format Version 12.00
# Visual Studio Version 16
VisualStudioVersion = 16.0.31613.86
MinimumVisualStudioVersion = 10.0.40219.1
Project("{888888A0-9F3D-457C-B088-3A5042F75D52}") = "NestedIfElse", "NestedIfElse.pyproj", "{D740352B-E554-42E2-B82F-70F031DBCBD9}"
EndProject
Global
	GlobalSection(SolutionConfigurationPlatforms) = preSolution
		Debug|Any CPU = Debug|Any CPU
		Release|Any CPU = Release|Any CPU
	EndGlobalSection
	GlobalSection(ProjectConfigurationPlatforms) = postSolution
		{D740352B-E554-42E2-B82F-70F031DBCBD9}.Debug|Any CPU.ActiveCfg = Debug|Any CPU
		{D740352B-E554-42E2-B82F-70F031DBCBD9}.Release|Any CPU.ActiveCfg = Release|Any CPU
	EndGlobalSection
	GlobalSection(SolutionProperties) = preSolution
		HideSolutionNode = FALSE
	EndGlobalSection
	GlobalSection(ExtensibilityGlobals) = postSolution
		SolutionGuid = {BEC542A3-F8CB-4611-9E4B-A477F36F7AB9}
	EndGlobalSection
EndGlobal
