
Microsoft Visual Studio Solution File, Format Version 12.00
# Visual Studio Version 16
VisualStudioVersion = 16.0.31613.86
MinimumVisualStudioVersion = 10.0.40219.1
Project("{888888A0-9F3D-457C-B088-3A5042F75D52}") = "VersionChecking", "VersionChecking.pyproj", "{E70C4C44-07BA-464A-AE28-C17371059852}"
EndProject
Global
	GlobalSection(SolutionConfigurationPlatforms) = preSolution
		Debug|Any CPU = Debug|Any CPU
		Release|Any CPU = Release|Any CPU
	EndGlobalSection
	GlobalSection(ProjectConfigurationPlatforms) = postSolution
		{E70C4C44-07BA-464A-AE28-C17371059852}.Debug|Any CPU.ActiveCfg = Debug|Any CPU
		{E70C4C44-07BA-464A-AE28-C17371059852}.Release|Any CPU.ActiveCfg = Release|Any CPU
	EndGlobalSection
	GlobalSection(SolutionProperties) = preSolution
		HideSolutionNode = FALSE
	EndGlobalSection
	GlobalSection(ExtensibilityGlobals) = postSolution
		SolutionGuid = {B836B3D5-8621-49A5-AB74-D3CB0C0C17F8}
	EndGlobalSection
EndGlobal
